
Microsoft Visual Studio Solution File, Format Version 12.00
# Visual Studio 2012
Project("{FAE04EC0-301F-11D3-BF4B-00C04F79EFBC}") = "ParcelableProject", "ParcelableProject\ParcelableProject.csproj", "{C932EAC4-E171-42DC-ADA4-F35FD8FE41D0}"
EndProject
Project("{FAE04EC0-301F-11D3-BF4B-00C04F79EFBC}") = "ParcelableProject.Droid", "Droid\ParcelableProject.Droid.csproj", "{2A16814D-72C7-4649-9234-CA50D0231BD8}"
EndProject
Global
	GlobalSection(SolutionConfigurationPlatforms) = preSolution
		Debug|Any CPU = Debug|Any CPU
		Release|Any CPU = Release|Any CPU
	EndGlobalSection
	GlobalSection(ProjectConfigurationPlatforms) = postSolution
		{C932EAC4-E171-42DC-ADA4-F35FD8FE41D0}.Debug|Any CPU.ActiveCfg = Debug|Any CPU
		{C932EAC4-E171-42DC-ADA4-F35FD8FE41D0}.Debug|Any CPU.Build.0 = Debug|Any CPU
		{C932EAC4-E171-42DC-ADA4-F35FD8FE41D0}.Release|Any CPU.ActiveCfg = Release|Any CPU
		{C932EAC4-E171-42DC-ADA4-F35FD8FE41D0}.Release|Any CPU.Build.0 = Release|Any CPU
		{2A16814D-72C7-4649-9234-CA50D0231BD8}.Debug|Any CPU.ActiveCfg = Debug|Any CPU
		{2A16814D-72C7-4649-9234-CA50D0231BD8}.Debug|Any CPU.Build.0 = Debug|Any CPU
		{2A16814D-72C7-4649-9234-CA50D0231BD8}.Release|Any CPU.ActiveCfg = Release|Any CPU
		{2A16814D-72C7-4649-9234-CA50D0231BD8}.Release|Any CPU.Build.0 = Release|Any CPU
	EndGlobalSection
EndGlobal
